
Microsoft Visual Studio Solution File, Format Version 12.00
# Visual Studio 15
VisualStudioVersion = 15.0.27703.2018
MinimumVisualStudioVersion = 10.0.40219.1
Project("{FAE04EC0-301F-11D3-BF4B-00C04F79EFBC}") = "MissionWeb", "MissionWeb\MissionWeb.csproj", "{5B758FD1-58F7-4493-81D6-7C01E395F1CF}"
	ProjectSection(ProjectDependencies) = postProject
		{98744E30-55D5-457D-A953-A7E3F11B54E3} = {98744E30-55D5-457D-A953-A7E3F11B54E3}
		{05FD6443-8373-42CA-8657-93E8D3B4470B} = {05FD6443-8373-42CA-8657-93E8D3B4470B}
		{150CA367-F736-47F9-AB9C-2FBA683A4B5D} = {150CA367-F736-47F9-AB9C-2FBA683A4B5D}
		{7FBED7F3-EFC1-4727-99D3-86DB725E464A} = {7FBED7F3-EFC1-4727-99D3-86DB725E464A}
	EndProjectSection
EndProject
Project("{FAE04EC0-301F-11D3-BF4B-00C04F79EFBC}") = "Models", "Models\Models.csproj", "{98744E30-55D5-457D-A953-A7E3F11B54E3}"
EndProject
Project("{FAE04EC0-301F-11D3-BF4B-00C04F79EFBC}") = "Core", "Core\Core.csproj", "{05FD6443-8373-42CA-8657-93E8D3B4470B}"
EndProject
Project("{FAE04EC0-301F-11D3-BF4B-00C04F79EFBC}") = "DAO", "DAO\DAO.csproj", "{7FBED7F3-EFC1-4727-99D3-86DB725E464A}"
	ProjectSection(ProjectDependencies) = postProject
		{98744E30-55D5-457D-A953-A7E3F11B54E3} = {98744E30-55D5-457D-A953-A7E3F11B54E3}
		{05FD6443-8373-42CA-8657-93E8D3B4470B} = {05FD6443-8373-42CA-8657-93E8D3B4470B}
	EndProjectSection
EndProject
Project("{FAE04EC0-301F-11D3-BF4B-00C04F79EFBC}") = "BizService", "BizService\BizService.csproj", "{150CA367-F736-47F9-AB9C-2FBA683A4B5D}"
	ProjectSection(ProjectDependencies) = postProject
		{05FD6443-8373-42CA-8657-93E8D3B4470B} = {05FD6443-8373-42CA-8657-93E8D3B4470B}
		{7FBED7F3-EFC1-4727-99D3-86DB725E464A} = {7FBED7F3-EFC1-4727-99D3-86DB725E464A}
	EndProjectSection
EndProject
Global
	GlobalSection(SolutionConfigurationPlatforms) = preSolution
		Debug|Any CPU = Debug|Any CPU
		Release|Any CPU = Release|Any CPU
	EndGlobalSection
	GlobalSection(ProjectConfigurationPlatforms) = postSolution
		{5B758FD1-58F7-4493-81D6-7C01E395F1CF}.Debug|Any CPU.ActiveCfg = Debug|Any CPU
		{5B758FD1-58F7-4493-81D6-7C01E395F1CF}.Debug|Any CPU.Build.0 = Debug|Any CPU
		{5B758FD1-58F7-4493-81D6-7C01E395F1CF}.Release|Any CPU.ActiveCfg = Release|Any CPU
		{5B758FD1-58F7-4493-81D6-7C01E395F1CF}.Release|Any CPU.Build.0 = Release|Any CPU
		{98744E30-55D5-457D-A953-A7E3F11B54E3}.Debug|Any CPU.ActiveCfg = Debug|Any CPU
		{98744E30-55D5-457D-A953-A7E3F11B54E3}.Debug|Any CPU.Build.0 = Debug|Any CPU
		{98744E30-55D5-457D-A953-A7E3F11B54E3}.Release|Any CPU.ActiveCfg = Release|Any CPU
		{98744E30-55D5-457D-A953-A7E3F11B54E3}.Release|Any CPU.Build.0 = Release|Any CPU
		{05FD6443-8373-42CA-8657-93E8D3B4470B}.Debug|Any CPU.ActiveCfg = Debug|Any CPU
		{05FD6443-8373-42CA-8657-93E8D3B4470B}.Debug|Any CPU.Build.0 = Debug|Any CPU
		{05FD6443-8373-42CA-8657-93E8D3B4470B}.Release|Any CPU.ActiveCfg = Release|Any CPU
		{05FD6443-8373-42CA-8657-93E8D3B4470B}.Release|Any CPU.Build.0 = Release|Any CPU
		{7FBED7F3-EFC1-4727-99D3-86DB725E464A}.Debug|Any CPU.ActiveCfg = Debug|Any CPU
		{7FBED7F3-EFC1-4727-99D3-86DB725E464A}.Debug|Any CPU.Build.0 = Debug|Any CPU
		{7FBED7F3-EFC1-4727-99D3-86DB725E464A}.Release|Any CPU.ActiveCfg = Release|Any CPU
		{7FBED7F3-EFC1-4727-99D3-86DB725E464A}.Release|Any CPU.Build.0 = Release|Any CPU
		{150CA367-F736-47F9-AB9C-2FBA683A4B5D}.Debug|Any CPU.ActiveCfg = Debug|Any CPU
		{150CA367-F736-47F9-AB9C-2FBA683A4B5D}.Debug|Any CPU.Build.0 = Debug|Any CPU
		{150CA367-F736-47F9-AB9C-2FBA683A4B5D}.Release|Any CPU.ActiveCfg = Release|Any CPU
		{150CA367-F736-47F9-AB9C-2FBA683A4B5D}.Release|Any CPU.Build.0 = Release|Any CPU
	EndGlobalSection
	GlobalSection(SolutionProperties) = preSolution
		HideSolutionNode = FALSE
	EndGlobalSection
	GlobalSection(ExtensibilityGlobals) = postSolution
		SolutionGuid = {936B3C40-688F-42D2-AF6F-7EC9A7718561}
	EndGlobalSection
EndGlobal
